
Microsoft Visual Studio Solution File, Format Version 12.00
# Visual Studio Version 17
VisualStudioVersion = 17.2.32630.192
MinimumVisualStudioVersion = 10.0.40219.1
Project("{8BC9CEB8-8B4A-11D0-8D11-00A0C91BC942}") = "CKorea", "CKorea\CKorea.vcxproj", "{73CE41A7-0C9A-430E-9F27-D05F3E0AF56E}"
EndProject
Project("{8BC9CEB8-8B4A-11D0-8D11-00A0C91BC942}") = "Day2", "Day2\Day2.vcxproj", "{2DA6996B-4C1D-4A80-8A7A-89D303998CD7}"
EndProject
Project("{8BC9CEB8-8B4A-11D0-8D11-00A0C91BC942}") = "Day3", "Day3\Day3.vcxproj", "{861B500C-C940-46E0-B1AC-386A5B65568A}"
EndProject
Project("{8BC9CEB8-8B4A-11D0-8D11-00A0C91BC942}") = "Day4", "Day4\Day4.vcxproj", "{A6993753-7A29-406D-AC89-E690B39ABDBE}"
EndProject
Project("{8BC9CEB8-8B4A-11D0-8D11-00A0C91BC942}") = "ImgDlg", "ImgDlg\ImgDlg.vcxproj", "{1EF2FFCE-8B0C-4452-ABFC-04A41D5939CE}"
EndProject
Project("{8BC9CEB8-8B4A-11D0-8D11-00A0C91BC942}") = "Day5", "Day5\Day5.vcxproj", "{5D24B1BE-3A27-4322-9C5F-B783AF89276B}"
EndProject
Project("{8BC9CEB8-8B4A-11D0-8D11-00A0C91BC942}") = "Piano", "Piano\Piano.vcxproj", "{C091D882-F0F0-4A8F-8DA1-1E2882E01317}"
EndProject
Project("{8BC9CEB8-8B4A-11D0-8D11-00A0C91BC942}") = "Day6", "Day6\Day6.vcxproj", "{25BDEDE6-4606-45FF-9A9F-F9F9A46867D7}"
EndProject
Global
	GlobalSection(SolutionConfigurationPlatforms) = preSolution
		Debug|x64 = Debug|x64
		Debug|x86 = Debug|x86
		Release|x64 = Release|x64
		Release|x86 = Release|x86
	EndGlobalSection
	GlobalSection(ProjectConfigurationPlatforms) = postSolution
		{73CE41A7-0C9A-430E-9F27-D05F3E0AF56E}.Debug|x64.ActiveCfg = Debug|x64
		{73CE41A7-0C9A-430E-9F27-D05F3E0AF56E}.Debug|x64.Build.0 = Debug|x64
		{73CE41A7-0C9A-430E-9F27-D05F3E0AF56E}.Debug|x86.ActiveCfg = Debug|Win32
		{73CE41A7-0C9A-430E-9F27-D05F3E0AF56E}.Debug|x86.Build.0 = Debug|Win32
		{73CE41A7-0C9A-430E-9F27-D05F3E0AF56E}.Release|x64.ActiveCfg = Release|x64
		{73CE41A7-0C9A-430E-9F27-D05F3E0AF56E}.Release|x64.Build.0 = Release|x64
		{73CE41A7-0C9A-430E-9F27-D05F3E0AF56E}.Release|x86.ActiveCfg = Release|Win32
		{73CE41A7-0C9A-430E-9F27-D05F3E0AF56E}.Release|x86.Build.0 = Release|Win32
		{2DA6996B-4C1D-4A80-8A7A-89D303998CD7}.Debug|x64.ActiveCfg = Debug|x64
		{2DA6996B-4C1D-4A80-8A7A-89D303998CD7}.Debug|x64.Build.0 = Debug|x64
		{2DA6996B-4C1D-4A80-8A7A-89D303998CD7}.Debug|x86.ActiveCfg = Debug|Win32
		{2DA6996B-4C1D-4A80-8A7A-89D303998CD7}.Debug|x86.Build.0 = Debug|Win32
		{2DA6996B-4C1D-4A80-8A7A-89D303998CD7}.Release|x64.ActiveCfg = Release|x64
		{2DA6996B-4C1D-4A80-8A7A-89D303998CD7}.Release|x64.Build.0 = Release|x64
		{2DA6996B-4C1D-4A80-8A7A-89D303998CD7}.Release|x86.ActiveCfg = Release|Win32
		{2DA6996B-4C1D-4A80-8A7A-89D303998CD7}.Release|x86.Build.0 = Release|Win32
		{861B500C-C940-46E0-B1AC-386A5B65568A}.Debug|x64.ActiveCfg = Debug|x64
		{861B500C-C940-46E0-B1AC-386A5B65568A}.Debug|x64.Build.0 = Debug|x64
		{861B500C-C940-46E0-B1AC-386A5B65568A}.Debug|x86.ActiveCfg = Debug|Win32
		{861B500C-C940-46E0-B1AC-386A5B65568A}.Debug|x86.Build.0 = Debug|Win32
		{861B500C-C940-46E0-B1AC-386A5B65568A}.Release|x64.ActiveCfg = Release|x64
		{861B500C-C940-46E0-B1AC-386A5B65568A}.Release|x64.Build.0 = Release|x64
		{861B500C-C940-46E0-B1AC-386A5B65568A}.Release|x86.ActiveCfg = Release|Win32
		{861B500C-C940-46E0-B1AC-386A5B65568A}.Release|x86.Build.0 = Release|Win32
		{A6993753-7A29-406D-AC89-E690B39ABDBE}.Debug|x64.ActiveCfg = Debug|x64
		{A6993753-7A29-406D-AC89-E690B39ABDBE}.Debug|x64.Build.0 = Debug|x64
		{A6993753-7A29-406D-AC89-E690B39ABDBE}.Debug|x86.ActiveCfg = Debug|Win32
		{A6993753-7A29-406D-AC89-E690B39ABDBE}.Debug|x86.Build.0 = Debug|Win32
		{A6993753-7A29-406D-AC89-E690B39ABDBE}.Release|x64.ActiveCfg = Release|x64
		{A6993753-7A29-406D-AC89-E690B39ABDBE}.Release|x64.Build.0 = Release|x64
		{A6993753-7A29-406D-AC89-E690B39ABDBE}.Release|x86.ActiveCfg = Release|Win32
		{A6993753-7A29-406D-AC89-E690B39ABDBE}.Release|x86.Build.0 = Release|Win32
		{1EF2FFCE-8B0C-4452-ABFC-04A41D5939CE}.Debug|x64.ActiveCfg = Debug|x64
		{1EF2FFCE-8B0C-4452-ABFC-04A41D5939CE}.Debug|x64.Build.0 = Debug|x64
		{1EF2FFCE-8B0C-4452-ABFC-04A41D5939CE}.Debug|x86.ActiveCfg = Debug|Win32
		{1EF2FFCE-8B0C-4452-ABFC-04A41D5939CE}.Debug|x86.Build.0 = Debug|Win32
		{1EF2FFCE-8B0C-4452-ABFC-04A41D5939CE}.Release|x64.ActiveCfg = Release|x64
		{1EF2FFCE-8B0C-4452-ABFC-04A41D5939CE}.Release|x64.Build.0 = Release|x64
		{1EF2FFCE-8B0C-4452-ABFC-04A41D5939CE}.Release|x86.ActiveCfg = Release|Win32
		{1EF2FFCE-8B0C-4452-ABFC-04A41D5939CE}.Release|x86.Build.0 = Release|Win32
		{5D24B1BE-3A27-4322-9C5F-B783AF89276B}.Debug|x64.ActiveCfg = Debug|x64
		{5D24B1BE-3A27-4322-9C5F-B783AF89276B}.Debug|x64.Build.0 = Debug|x64
		{5D24B1BE-3A27-4322-9C5F-B783AF89276B}.Debug|x86.ActiveCfg = Debug|Win32
		{5D24B1BE-3A27-4322-9C5F-B783AF89276B}.Debug|x86.Build.0 = Debug|Win32
		{5D24B1BE-3A27-4322-9C5F-B783AF89276B}.Release|x64.ActiveCfg = Release|x64
		{5D24B1BE-3A27-4322-9C5F-B783AF89276B}.Release|x64.Build.0 = Release|x64
		{5D24B1BE-3A27-4322-9C5F-B783AF89276B}.Release|x86.ActiveCfg = Release|Win32
		{5D24B1BE-3A27-4322-9C5F-B783AF89276B}.Release|x86.Build.0 = Release|Win32
		{C091D882-F0F0-4A8F-8DA1-1E2882E01317}.Debug|x64.ActiveCfg = Debug|x64
		{C091D882-F0F0-4A8F-8DA1-1E2882E01317}.Debug|x64.Build.0 = Debug|x64
		{C091D882-F0F0-4A8F-8DA1-1E2882E01317}.Debug|x86.ActiveCfg = Debug|Win32
		{C091D882-F0F0-4A8F-8DA1-1E2882E01317}.Debug|x86.Build.0 = Debug|Win32
		{C091D882-F0F0-4A8F-8DA1-1E2882E01317}.Release|x64.ActiveCfg = Release|x64
		{C091D882-F0F0-4A8F-8DA1-1E2882E01317}.Release|x64.Build.0 = Release|x64
		{C091D882-F0F0-4A8F-8DA1-1E2882E01317}.Release|x86.ActiveCfg = Release|Win32
		{C091D882-F0F0-4A8F-8DA1-1E2882E01317}.Release|x86.Build.0 = Release|Win32
		{25BDEDE6-4606-45FF-9A9F-F9F9A46867D7}.Debug|x64.ActiveCfg = Debug|x64
		{25BDEDE6-4606-45FF-9A9F-F9F9A46867D7}.Debug|x64.Build.0 = Debug|x64
		{25BDEDE6-4606-45FF-9A9F-F9F9A46867D7}.Debug|x86.ActiveCfg = Debug|Win32
		{25BDEDE6-4606-45FF-9A9F-F9F9A46867D7}.Debug|x86.Build.0 = Debug|Win32
		{25BDEDE6-4606-45FF-9A9F-F9F9A46867D7}.Release|x64.ActiveCfg = Release|x64
		{25BDEDE6-4606-45FF-9A9F-F9F9A46867D7}.Release|x64.Build.0 = Release|x64
		{25BDEDE6-4606-45FF-9A9F-F9F9A46867D7}.Release|x86.ActiveCfg = Release|Win32
		{25BDEDE6-4606-45FF-9A9F-F9F9A46867D7}.Release|x86.Build.0 = Release|Win32
	EndGlobalSection
	GlobalSection(SolutionProperties) = preSolution
		HideSolutionNode = FALSE
	EndGlobalSection
	GlobalSection(ExtensibilityGlobals) = postSolution
		SolutionGuid = {666BD104-FDB0-472A-AD7F-6BDDEC9513D8}
	EndGlobalSection
EndGlobal
